
Microsoft Visual Studio Solution File, Format Version 12.00
# Visual Studio Version 17
VisualStudioVersion = 17.6.33801.468
MinimumVisualStudioVersion = 10.0.40219.1
Project("{FAE04EC0-301F-11D3-BF4B-00C04F79EFBC}") = "Ders5_omboboc_ile_4islem", "Ders5_omboboc_ile_4islem\Ders5_omboboc_ile_4islem.csproj", "{D06B37BE-060A-4718-8D42-2C03F37EEF89}"
EndProject
Global
	GlobalSection(SolutionConfigurationPlatforms) = preSolution
		Debug|Any CPU = Debug|Any CPU
		Release|Any CPU = Release|Any CPU
	EndGlobalSection
	GlobalSection(ProjectConfigurationPlatforms) = postSolution
		{D06B37BE-060A-4718-8D42-2C03F37EEF89}.Debug|Any CPU.ActiveCfg = Debug|Any CPU
		{D06B37BE-060A-4718-8D42-2C03F37EEF89}.Debug|Any CPU.Build.0 = Debug|Any CPU
		{D06B37BE-060A-4718-8D42-2C03F37EEF89}.Release|Any CPU.ActiveCfg = Release|Any CPU
		{D06B37BE-060A-4718-8D42-2C03F37EEF89}.Release|Any CPU.Build.0 = Release|Any CPU
	EndGlobalSection
	GlobalSection(SolutionProperties) = preSolution
		HideSolutionNode = FALSE
	EndGlobalSection
	GlobalSection(ExtensibilityGlobals) = postSolution
		SolutionGuid = {C0E5F572-A4BC-493F-A100-69C1B108DB31}
	EndGlobalSection
EndGlobal
