
Microsoft Visual Studio Solution File, Format Version 12.00
# Visual Studio Version 17
VisualStudioVersion = 17.6.33801.468
MinimumVisualStudioVersion = 10.0.40219.1
Project("{FAE04EC0-301F-11D3-BF4B-00C04F79EFBC}") = "Desr8_Random_Doğru_Sayiyi_Bulmak", "Desr8_Random_Doğru_Sayiyi_Bulmak\Desr8_Random_Doğru_Sayiyi_Bulmak.csproj", "{0A0C601C-E6B6-4DE5-96D7-20F9265B1BE7}"
EndProject
Global
	GlobalSection(SolutionConfigurationPlatforms) = preSolution
		Debug|Any CPU = Debug|Any CPU
		Release|Any CPU = Release|Any CPU
	EndGlobalSection
	GlobalSection(ProjectConfigurationPlatforms) = postSolution
		{0A0C601C-E6B6-4DE5-96D7-20F9265B1BE7}.Debug|Any CPU.ActiveCfg = Debug|Any CPU
		{0A0C601C-E6B6-4DE5-96D7-20F9265B1BE7}.Debug|Any CPU.Build.0 = Debug|Any CPU
		{0A0C601C-E6B6-4DE5-96D7-20F9265B1BE7}.Release|Any CPU.ActiveCfg = Release|Any CPU
		{0A0C601C-E6B6-4DE5-96D7-20F9265B1BE7}.Release|Any CPU.Build.0 = Release|Any CPU
	EndGlobalSection
	GlobalSection(SolutionProperties) = preSolution
		HideSolutionNode = FALSE
	EndGlobalSection
	GlobalSection(ExtensibilityGlobals) = postSolution
		SolutionGuid = {B1F03C5D-E883-49FC-A603-DB0BE09ABE1A}
	EndGlobalSection
EndGlobal
