
Microsoft Visual Studio Solution File, Format Version 12.00
# Visual Studio Version 17
VisualStudioVersion = 17.6.33801.468
MinimumVisualStudioVersion = 10.0.40219.1
Project("{FAE04EC0-301F-11D3-BF4B-00C04F79EFBC}") = "NTierDesign_KatmanliMimari.UI", "NTierDesign_KatmanliMimari\NTierDesign_KatmanliMimari.UI.csproj", "{84241540-4C7F-4238-AC5E-5FE3C4C4CCAF}"
EndProject
Project("{FAE04EC0-301F-11D3-BF4B-00C04F79EFBC}") = "NTierDesign_KatmanliMimari.DataLayer", "NTierDesign_KatmanliMimari.DataLayer\NTierDesign_KatmanliMimari.DataLayer.csproj", "{698F0B23-1785-45A4-959F-BB97F6FAE9A3}"
EndProject
Project("{FAE04EC0-301F-11D3-BF4B-00C04F79EFBC}") = "NTierDesign_KatmanliMimari.BusinessLayer", "NTierDesign_KatmanliMimari.BusinessLayer\NTierDesign_KatmanliMimari.BusinessLayer.csproj", "{9B6BD554-C3B3-447D-9F59-E573171EF9A8}"
EndProject
Project("{FAE04EC0-301F-11D3-BF4B-00C04F79EFBC}") = "NTierDesign_KatmanliMimari.TypeLayer", "NTierDesign_KatmanliMimari.TypeLayer\NTierDesign_KatmanliMimari.TypeLayer.csproj", "{58B88105-0AA6-4134-9C64-8BA00914F699}"
EndProject
Global
	GlobalSection(SolutionConfigurationPlatforms) = preSolution
		Debug|Any CPU = Debug|Any CPU
		Release|Any CPU = Release|Any CPU
	EndGlobalSection
	GlobalSection(ProjectConfigurationPlatforms) = postSolution
		{84241540-4C7F-4238-AC5E-5FE3C4C4CCAF}.Debug|Any CPU.ActiveCfg = Debug|Any CPU
		{84241540-4C7F-4238-AC5E-5FE3C4C4CCAF}.Debug|Any CPU.Build.0 = Debug|Any CPU
		{84241540-4C7F-4238-AC5E-5FE3C4C4CCAF}.Release|Any CPU.ActiveCfg = Release|Any CPU
		{84241540-4C7F-4238-AC5E-5FE3C4C4CCAF}.Release|Any CPU.Build.0 = Release|Any CPU
		{698F0B23-1785-45A4-959F-BB97F6FAE9A3}.Debug|Any CPU.ActiveCfg = Debug|Any CPU
		{698F0B23-1785-45A4-959F-BB97F6FAE9A3}.Debug|Any CPU.Build.0 = Debug|Any CPU
		{698F0B23-1785-45A4-959F-BB97F6FAE9A3}.Release|Any CPU.ActiveCfg = Release|Any CPU
		{698F0B23-1785-45A4-959F-BB97F6FAE9A3}.Release|Any CPU.Build.0 = Release|Any CPU
		{9B6BD554-C3B3-447D-9F59-E573171EF9A8}.Debug|Any CPU.ActiveCfg = Debug|Any CPU
		{9B6BD554-C3B3-447D-9F59-E573171EF9A8}.Debug|Any CPU.Build.0 = Debug|Any CPU
		{9B6BD554-C3B3-447D-9F59-E573171EF9A8}.Release|Any CPU.ActiveCfg = Release|Any CPU
		{9B6BD554-C3B3-447D-9F59-E573171EF9A8}.Release|Any CPU.Build.0 = Release|Any CPU
		{58B88105-0AA6-4134-9C64-8BA00914F699}.Debug|Any CPU.ActiveCfg = Debug|Any CPU
		{58B88105-0AA6-4134-9C64-8BA00914F699}.Debug|Any CPU.Build.0 = Debug|Any CPU
		{58B88105-0AA6-4134-9C64-8BA00914F699}.Release|Any CPU.ActiveCfg = Release|Any CPU
		{58B88105-0AA6-4134-9C64-8BA00914F699}.Release|Any CPU.Build.0 = Release|Any CPU
	EndGlobalSection
	GlobalSection(SolutionProperties) = preSolution
		HideSolutionNode = FALSE
	EndGlobalSection
	GlobalSection(ExtensibilityGlobals) = postSolution
		SolutionGuid = {0DB75D31-9F4A-4CA0-B45F-466F91F75DF1}
	EndGlobalSection
EndGlobal
