
Microsoft Visual Studio Solution File, Format Version 12.00
# Visual Studio Version 17
VisualStudioVersion = 17.6.33801.468
MinimumVisualStudioVersion = 10.0.40219.1
Project("{FAE04EC0-301F-11D3-BF4B-00C04F79EFBC}") = "09_07_lesson", "09_07_lesson\09_07_lesson.csproj", "{D8A0AF94-710D-453B-9D0D-E8EC34FB2A19}"
EndProject
Global
	GlobalSection(SolutionConfigurationPlatforms) = preSolution
		Debug|Any CPU = Debug|Any CPU
		Release|Any CPU = Release|Any CPU
	EndGlobalSection
	GlobalSection(ProjectConfigurationPlatforms) = postSolution
		{D8A0AF94-710D-453B-9D0D-E8EC34FB2A19}.Debug|Any CPU.ActiveCfg = Debug|Any CPU
		{D8A0AF94-710D-453B-9D0D-E8EC34FB2A19}.Debug|Any CPU.Build.0 = Debug|Any CPU
		{D8A0AF94-710D-453B-9D0D-E8EC34FB2A19}.Release|Any CPU.ActiveCfg = Release|Any CPU
		{D8A0AF94-710D-453B-9D0D-E8EC34FB2A19}.Release|Any CPU.Build.0 = Release|Any CPU
	EndGlobalSection
	GlobalSection(SolutionProperties) = preSolution
		HideSolutionNode = FALSE
	EndGlobalSection
	GlobalSection(ExtensibilityGlobals) = postSolution
		SolutionGuid = {59B9DF80-F45E-465D-8CD7-9C70C87CA948}
	EndGlobalSection
EndGlobal
