
Microsoft Visual Studio Solution File, Format Version 12.00
# Visual Studio Version 17
VisualStudioVersion = 17.6.33801.468
MinimumVisualStudioVersion = 10.0.40219.1
Project("{FAE04EC0-301F-11D3-BF4B-00C04F79EFBC}") = "WindowsFormsApp1", "WindowsFormsApp1\WindowsFormsApp1.csproj", "{1A8BD29A-D9E7-49FD-ADD0-7742B2477587}"
EndProject
Global
	GlobalSection(SolutionConfigurationPlatforms) = preSolution
		Debug|Any CPU = Debug|Any CPU
		Release|Any CPU = Release|Any CPU
	EndGlobalSection
	GlobalSection(ProjectConfigurationPlatforms) = postSolution
		{1A8BD29A-D9E7-49FD-ADD0-7742B2477587}.Debug|Any CPU.ActiveCfg = Debug|Any CPU
		{1A8BD29A-D9E7-49FD-ADD0-7742B2477587}.Debug|Any CPU.Build.0 = Debug|Any CPU
		{1A8BD29A-D9E7-49FD-ADD0-7742B2477587}.Release|Any CPU.ActiveCfg = Release|Any CPU
		{1A8BD29A-D9E7-49FD-ADD0-7742B2477587}.Release|Any CPU.Build.0 = Release|Any CPU
	EndGlobalSection
	GlobalSection(SolutionProperties) = preSolution
		HideSolutionNode = FALSE
	EndGlobalSection
	GlobalSection(ExtensibilityGlobals) = postSolution
		SolutionGuid = {0A00C20D-939A-488A-9B22-3BDC2FD38216}
	EndGlobalSection
EndGlobal
