
Microsoft Visual Studio Solution File, Format Version 12.00
# Visual Studio Version 17
VisualStudioVersion = 17.6.33801.468
MinimumVisualStudioVersion = 10.0.40219.1
Project("{FAE04EC0-301F-11D3-BF4B-00C04F79EFBC}") = "Ders8_Hesap_Makinesi", "Ders8_Hesap_Makinesi\Ders8_Hesap_Makinesi.csproj", "{B0A4631D-AC71-44F8-B29B-6A6C31CC919A}"
EndProject
Global
	GlobalSection(SolutionConfigurationPlatforms) = preSolution
		Debug|Any CPU = Debug|Any CPU
		Release|Any CPU = Release|Any CPU
	EndGlobalSection
	GlobalSection(ProjectConfigurationPlatforms) = postSolution
		{B0A4631D-AC71-44F8-B29B-6A6C31CC919A}.Debug|Any CPU.ActiveCfg = Debug|Any CPU
		{B0A4631D-AC71-44F8-B29B-6A6C31CC919A}.Debug|Any CPU.Build.0 = Debug|Any CPU
		{B0A4631D-AC71-44F8-B29B-6A6C31CC919A}.Release|Any CPU.ActiveCfg = Release|Any CPU
		{B0A4631D-AC71-44F8-B29B-6A6C31CC919A}.Release|Any CPU.Build.0 = Release|Any CPU
	EndGlobalSection
	GlobalSection(SolutionProperties) = preSolution
		HideSolutionNode = FALSE
	EndGlobalSection
	GlobalSection(ExtensibilityGlobals) = postSolution
		SolutionGuid = {F0376E43-FE31-4A53-B6C8-52A2A47AD9F8}
	EndGlobalSection
EndGlobal
